
Microsoft Visual Studio Solution File, Format Version 12.00
# Visual Studio Version 16
VisualStudioVersion = 16.0.31911.196
MinimumVisualStudioVersion = 10.0.40219.1
Project("{FAE04EC0-301F-11D3-BF4B-00C04F79EFBC}") = "firstform", "firstform\firstform.csproj", "{DA83AF32-E10A-4102-B4FA-DF738FACECF1}"
EndProject
Global
	GlobalSection(SolutionConfigurationPlatforms) = preSolution
		Debug|Any CPU = Debug|Any CPU
		Release|Any CPU = Release|Any CPU
	EndGlobalSection
	GlobalSection(ProjectConfigurationPlatforms) = postSolution
		{DA83AF32-E10A-4102-B4FA-DF738FACECF1}.Debug|Any CPU.ActiveCfg = Debug|Any CPU
		{DA83AF32-E10A-4102-B4FA-DF738FACECF1}.Debug|Any CPU.Build.0 = Debug|Any CPU
		{DA83AF32-E10A-4102-B4FA-DF738FACECF1}.Release|Any CPU.ActiveCfg = Release|Any CPU
		{DA83AF32-E10A-4102-B4FA-DF738FACECF1}.Release|Any CPU.Build.0 = Release|Any CPU
	EndGlobalSection
	GlobalSection(SolutionProperties) = preSolution
		HideSolutionNode = FALSE
	EndGlobalSection
	GlobalSection(ExtensibilityGlobals) = postSolution
		SolutionGuid = {D48A45DB-ACC0-4AC7-A9F9-0E27AA8DE472}
	EndGlobalSection
EndGlobal
