
Microsoft Visual Studio Solution File, Format Version 12.00
# Visual Studio Version 16
VisualStudioVersion = 16.0.31911.196
MinimumVisualStudioVersion = 10.0.40219.1
Project("{FAE04EC0-301F-11D3-BF4B-00C04F79EFBC}") = "Practicetest", "Practicetest\Practicetest.csproj", "{090CF2E5-BD99-4224-B28A-5D7444027CA4}"
EndProject
Global
	GlobalSection(SolutionConfigurationPlatforms) = preSolution
		Debug|Any CPU = Debug|Any CPU
		Release|Any CPU = Release|Any CPU
	EndGlobalSection
	GlobalSection(ProjectConfigurationPlatforms) = postSolution
		{090CF2E5-BD99-4224-B28A-5D7444027CA4}.Debug|Any CPU.ActiveCfg = Debug|Any CPU
		{090CF2E5-BD99-4224-B28A-5D7444027CA4}.Debug|Any CPU.Build.0 = Debug|Any CPU
		{090CF2E5-BD99-4224-B28A-5D7444027CA4}.Release|Any CPU.ActiveCfg = Release|Any CPU
		{090CF2E5-BD99-4224-B28A-5D7444027CA4}.Release|Any CPU.Build.0 = Release|Any CPU
	EndGlobalSection
	GlobalSection(SolutionProperties) = preSolution
		HideSolutionNode = FALSE
	EndGlobalSection
	GlobalSection(ExtensibilityGlobals) = postSolution
		SolutionGuid = {81225583-0EFB-4A71-9719-A6200E69C526}
	EndGlobalSection
EndGlobal
