
Microsoft Visual Studio Solution File, Format Version 12.00
# Visual Studio Version 16
VisualStudioVersion = 16.0.31911.196
MinimumVisualStudioVersion = 10.0.40219.1
Project("{FAE04EC0-301F-11D3-BF4B-00C04F79EFBC}") = "Network", "Network\Network.csproj", "{09C61CE6-37F2-42E4-8079-61C52617D198}"
EndProject
Global
	GlobalSection(SolutionConfigurationPlatforms) = preSolution
		Debug|Any CPU = Debug|Any CPU
		Release|Any CPU = Release|Any CPU
	EndGlobalSection
	GlobalSection(ProjectConfigurationPlatforms) = postSolution
		{09C61CE6-37F2-42E4-8079-61C52617D198}.Debug|Any CPU.ActiveCfg = Debug|Any CPU
		{09C61CE6-37F2-42E4-8079-61C52617D198}.Debug|Any CPU.Build.0 = Debug|Any CPU
		{09C61CE6-37F2-42E4-8079-61C52617D198}.Release|Any CPU.ActiveCfg = Release|Any CPU
		{09C61CE6-37F2-42E4-8079-61C52617D198}.Release|Any CPU.Build.0 = Release|Any CPU
	EndGlobalSection
	GlobalSection(SolutionProperties) = preSolution
		HideSolutionNode = FALSE
	EndGlobalSection
	GlobalSection(ExtensibilityGlobals) = postSolution
		SolutionGuid = {A3447721-714E-4766-A50C-3761B4011EAD}
	EndGlobalSection
EndGlobal
