
Microsoft Visual Studio Solution File, Format Version 12.00
# Visual Studio Version 16
VisualStudioVersion = 16.0.31911.196
MinimumVisualStudioVersion = 10.0.40219.1
Project("{FAE04EC0-301F-11D3-BF4B-00C04F79EFBC}") = "RegExp", "RegExp\RegExp.csproj", "{A1ADAF9F-37F0-448F-A7F3-8C4E3D69803D}"
EndProject
Global
	GlobalSection(SolutionConfigurationPlatforms) = preSolution
		Debug|Any CPU = Debug|Any CPU
		Release|Any CPU = Release|Any CPU
	EndGlobalSection
	GlobalSection(ProjectConfigurationPlatforms) = postSolution
		{A1ADAF9F-37F0-448F-A7F3-8C4E3D69803D}.Debug|Any CPU.ActiveCfg = Debug|Any CPU
		{A1ADAF9F-37F0-448F-A7F3-8C4E3D69803D}.Debug|Any CPU.Build.0 = Debug|Any CPU
		{A1ADAF9F-37F0-448F-A7F3-8C4E3D69803D}.Release|Any CPU.ActiveCfg = Release|Any CPU
		{A1ADAF9F-37F0-448F-A7F3-8C4E3D69803D}.Release|Any CPU.Build.0 = Release|Any CPU
	EndGlobalSection
	GlobalSection(SolutionProperties) = preSolution
		HideSolutionNode = FALSE
	EndGlobalSection
	GlobalSection(ExtensibilityGlobals) = postSolution
		SolutionGuid = {A2289477-C17A-4199-879B-BB7B1C04BDC4}
	EndGlobalSection
EndGlobal
