
Microsoft Visual Studio Solution File, Format Version 12.00
# Visual Studio Version 16
VisualStudioVersion = 16.0.31911.196
MinimumVisualStudioVersion = 10.0.40219.1
Project("{FAE04EC0-301F-11D3-BF4B-00C04F79EFBC}") = "Lprct3", "Lprct3\Lprct3.csproj", "{1D92598F-8BFC-4970-9651-72F3A8889326}"
EndProject
Global
	GlobalSection(SolutionConfigurationPlatforms) = preSolution
		Debug|Any CPU = Debug|Any CPU
		Release|Any CPU = Release|Any CPU
	EndGlobalSection
	GlobalSection(ProjectConfigurationPlatforms) = postSolution
		{1D92598F-8BFC-4970-9651-72F3A8889326}.Debug|Any CPU.ActiveCfg = Debug|Any CPU
		{1D92598F-8BFC-4970-9651-72F3A8889326}.Debug|Any CPU.Build.0 = Debug|Any CPU
		{1D92598F-8BFC-4970-9651-72F3A8889326}.Release|Any CPU.ActiveCfg = Release|Any CPU
		{1D92598F-8BFC-4970-9651-72F3A8889326}.Release|Any CPU.Build.0 = Release|Any CPU
	EndGlobalSection
	GlobalSection(SolutionProperties) = preSolution
		HideSolutionNode = FALSE
	EndGlobalSection
	GlobalSection(ExtensibilityGlobals) = postSolution
		SolutionGuid = {4B40068A-F2F4-4F7E-8D8D-8ABDE985BF4C}
	EndGlobalSection
EndGlobal
