
Microsoft Visual Studio Solution File, Format Version 12.00
# Visual Studio Version 16
VisualStudioVersion = 16.0.31911.196
MinimumVisualStudioVersion = 10.0.40219.1
Project("{FAE04EC0-301F-11D3-BF4B-00C04F79EFBC}") = "laptop", "laptop\laptop.csproj", "{550187F4-F8A2-4228-8708-FFCEE89CDDFA}"
EndProject
Global
	GlobalSection(SolutionConfigurationPlatforms) = preSolution
		Debug|Any CPU = Debug|Any CPU
		Release|Any CPU = Release|Any CPU
	EndGlobalSection
	GlobalSection(ProjectConfigurationPlatforms) = postSolution
		{550187F4-F8A2-4228-8708-FFCEE89CDDFA}.Debug|Any CPU.ActiveCfg = Debug|Any CPU
		{550187F4-F8A2-4228-8708-FFCEE89CDDFA}.Debug|Any CPU.Build.0 = Debug|Any CPU
		{550187F4-F8A2-4228-8708-FFCEE89CDDFA}.Release|Any CPU.ActiveCfg = Release|Any CPU
		{550187F4-F8A2-4228-8708-FFCEE89CDDFA}.Release|Any CPU.Build.0 = Release|Any CPU
	EndGlobalSection
	GlobalSection(SolutionProperties) = preSolution
		HideSolutionNode = FALSE
	EndGlobalSection
	GlobalSection(ExtensibilityGlobals) = postSolution
		SolutionGuid = {E8FC21E2-BB13-49D0-9B47-5897753319BE}
	EndGlobalSection
EndGlobal
