
Microsoft Visual Studio Solution File, Format Version 12.00
# Visual Studio Version 16
VisualStudioVersion = 16.0.31911.196
MinimumVisualStudioVersion = 10.0.40219.1
Project("{FAE04EC0-301F-11D3-BF4B-00C04F79EFBC}") = "ConsoleApp1", "ConsoleApp1\ConsoleApp1.csproj", "{51C1B497-3955-46BA-8103-C8795711BC51}"
EndProject
Global
	GlobalSection(SolutionConfigurationPlatforms) = preSolution
		Debug|Any CPU = Debug|Any CPU
		Release|Any CPU = Release|Any CPU
	EndGlobalSection
	GlobalSection(ProjectConfigurationPlatforms) = postSolution
		{51C1B497-3955-46BA-8103-C8795711BC51}.Debug|Any CPU.ActiveCfg = Debug|Any CPU
		{51C1B497-3955-46BA-8103-C8795711BC51}.Debug|Any CPU.Build.0 = Debug|Any CPU
		{51C1B497-3955-46BA-8103-C8795711BC51}.Release|Any CPU.ActiveCfg = Release|Any CPU
		{51C1B497-3955-46BA-8103-C8795711BC51}.Release|Any CPU.Build.0 = Release|Any CPU
	EndGlobalSection
	GlobalSection(SolutionProperties) = preSolution
		HideSolutionNode = FALSE
	EndGlobalSection
	GlobalSection(ExtensibilityGlobals) = postSolution
		SolutionGuid = {AB68B605-3C7E-40E9-9089-786A2C310944}
	EndGlobalSection
EndGlobal
