
Microsoft Visual Studio Solution File, Format Version 12.00
# Visual Studio Version 16
VisualStudioVersion = 16.0.31911.196
MinimumVisualStudioVersion = 10.0.40219.1
Project("{9A19103F-16F7-4668-BE54-9A1E7A4F7556}") = "OnlineShopAPI", "OnlineShop\OnlineShopAPI.csproj", "{FDC6EF3C-7044-463E-82E8-47D76694BCE0}"
EndProject
Project("{9A19103F-16F7-4668-BE54-9A1E7A4F7556}") = "OnlineShop.BAL", "OnlineShop.BAL\OnlineShop.BAL.csproj", "{163E28AE-18D2-4B96-88D6-4151C0E68931}"
EndProject
Project("{9A19103F-16F7-4668-BE54-9A1E7A4F7556}") = "OnlineShop.DAL", "OnlineShop.DAL\OnlineShop.DAL.csproj", "{F1F9954B-58E7-4E33-8409-FF0582065AF7}"
EndProject
Project("{9A19103F-16F7-4668-BE54-9A1E7A4F7556}") = "OnlineShop.Entity", "OnlineShop.Entity\OnlineShop.Entity.csproj", "{886EAC11-0366-4EBC-A7C9-389B737E457E}"
EndProject
Project("{FAE04EC0-301F-11D3-BF4B-00C04F79EFBC}") = "OnlineShop.UI", "OnlineShop.UI\OnlineShop.UI.csproj", "{27E3890F-51BA-458B-9361-A9BEF6ABBEFF}"
EndProject
Global
	GlobalSection(SolutionConfigurationPlatforms) = preSolution
		Debug|Any CPU = Debug|Any CPU
		Release|Any CPU = Release|Any CPU
	EndGlobalSection
	GlobalSection(ProjectConfigurationPlatforms) = postSolution
		{FDC6EF3C-7044-463E-82E8-47D76694BCE0}.Debug|Any CPU.ActiveCfg = Debug|Any CPU
		{FDC6EF3C-7044-463E-82E8-47D76694BCE0}.Debug|Any CPU.Build.0 = Debug|Any CPU
		{FDC6EF3C-7044-463E-82E8-47D76694BCE0}.Release|Any CPU.ActiveCfg = Release|Any CPU
		{FDC6EF3C-7044-463E-82E8-47D76694BCE0}.Release|Any CPU.Build.0 = Release|Any CPU
		{163E28AE-18D2-4B96-88D6-4151C0E68931}.Debug|Any CPU.ActiveCfg = Debug|Any CPU
		{163E28AE-18D2-4B96-88D6-4151C0E68931}.Debug|Any CPU.Build.0 = Debug|Any CPU
		{163E28AE-18D2-4B96-88D6-4151C0E68931}.Release|Any CPU.ActiveCfg = Release|Any CPU
		{163E28AE-18D2-4B96-88D6-4151C0E68931}.Release|Any CPU.Build.0 = Release|Any CPU
		{F1F9954B-58E7-4E33-8409-FF0582065AF7}.Debug|Any CPU.ActiveCfg = Debug|Any CPU
		{F1F9954B-58E7-4E33-8409-FF0582065AF7}.Debug|Any CPU.Build.0 = Debug|Any CPU
		{F1F9954B-58E7-4E33-8409-FF0582065AF7}.Release|Any CPU.ActiveCfg = Release|Any CPU
		{F1F9954B-58E7-4E33-8409-FF0582065AF7}.Release|Any CPU.Build.0 = Release|Any CPU
		{886EAC11-0366-4EBC-A7C9-389B737E457E}.Debug|Any CPU.ActiveCfg = Debug|Any CPU
		{886EAC11-0366-4EBC-A7C9-389B737E457E}.Debug|Any CPU.Build.0 = Debug|Any CPU
		{886EAC11-0366-4EBC-A7C9-389B737E457E}.Release|Any CPU.ActiveCfg = Release|Any CPU
		{886EAC11-0366-4EBC-A7C9-389B737E457E}.Release|Any CPU.Build.0 = Release|Any CPU
		{27E3890F-51BA-458B-9361-A9BEF6ABBEFF}.Debug|Any CPU.ActiveCfg = Debug|Any CPU
		{27E3890F-51BA-458B-9361-A9BEF6ABBEFF}.Debug|Any CPU.Build.0 = Debug|Any CPU
		{27E3890F-51BA-458B-9361-A9BEF6ABBEFF}.Release|Any CPU.ActiveCfg = Release|Any CPU
		{27E3890F-51BA-458B-9361-A9BEF6ABBEFF}.Release|Any CPU.Build.0 = Release|Any CPU
	EndGlobalSection
	GlobalSection(SolutionProperties) = preSolution
		HideSolutionNode = FALSE
	EndGlobalSection
	GlobalSection(ExtensibilityGlobals) = postSolution
		SolutionGuid = {67CA94B1-225D-44F8-8576-B949F5B52AB0}
	EndGlobalSection
EndGlobal
