
Microsoft Visual Studio Solution File, Format Version 12.00
# Visual Studio Version 16
VisualStudioVersion = 16.0.31911.196
MinimumVisualStudioVersion = 10.0.40219.1
Project("{FAE04EC0-301F-11D3-BF4B-00C04F79EFBC}") = "Task2", "Task2\Task2.csproj", "{48C0AF9D-2E6D-479D-991C-8EFFD5F58369}"
EndProject
Global
	GlobalSection(SolutionConfigurationPlatforms) = preSolution
		Debug|Any CPU = Debug|Any CPU
		Release|Any CPU = Release|Any CPU
	EndGlobalSection
	GlobalSection(ProjectConfigurationPlatforms) = postSolution
		{48C0AF9D-2E6D-479D-991C-8EFFD5F58369}.Debug|Any CPU.ActiveCfg = Debug|Any CPU
		{48C0AF9D-2E6D-479D-991C-8EFFD5F58369}.Debug|Any CPU.Build.0 = Debug|Any CPU
		{48C0AF9D-2E6D-479D-991C-8EFFD5F58369}.Release|Any CPU.ActiveCfg = Release|Any CPU
		{48C0AF9D-2E6D-479D-991C-8EFFD5F58369}.Release|Any CPU.Build.0 = Release|Any CPU
	EndGlobalSection
	GlobalSection(SolutionProperties) = preSolution
		HideSolutionNode = FALSE
	EndGlobalSection
	GlobalSection(ExtensibilityGlobals) = postSolution
		SolutionGuid = {613CF549-1514-4C3A-B789-BF1440066C3F}
	EndGlobalSection
EndGlobal
