
Microsoft Visual Studio Solution File, Format Version 12.00
# Visual Studio Version 16
VisualStudioVersion = 16.0.31911.196
MinimumVisualStudioVersion = 10.0.40219.1
Project("{FAE04EC0-301F-11D3-BF4B-00C04F79EFBC}") = "TaskE2", "TaskE2\TaskE2.csproj", "{4F544B96-C8C1-40EC-B304-EE32F63E1E56}"
EndProject
Global
	GlobalSection(SolutionConfigurationPlatforms) = preSolution
		Debug|Any CPU = Debug|Any CPU
		Release|Any CPU = Release|Any CPU
	EndGlobalSection
	GlobalSection(ProjectConfigurationPlatforms) = postSolution
		{4F544B96-C8C1-40EC-B304-EE32F63E1E56}.Debug|Any CPU.ActiveCfg = Debug|Any CPU
		{4F544B96-C8C1-40EC-B304-EE32F63E1E56}.Debug|Any CPU.Build.0 = Debug|Any CPU
		{4F544B96-C8C1-40EC-B304-EE32F63E1E56}.Release|Any CPU.ActiveCfg = Release|Any CPU
		{4F544B96-C8C1-40EC-B304-EE32F63E1E56}.Release|Any CPU.Build.0 = Release|Any CPU
	EndGlobalSection
	GlobalSection(SolutionProperties) = preSolution
		HideSolutionNode = FALSE
	EndGlobalSection
	GlobalSection(ExtensibilityGlobals) = postSolution
		SolutionGuid = {C72F1D6D-3416-4B3D-BE75-823B8E6851C7}
	EndGlobalSection
EndGlobal
