
Microsoft Visual Studio Solution File, Format Version 12.00
# Visual Studio Version 16
VisualStudioVersion = 16.0.31911.196
MinimumVisualStudioVersion = 10.0.40219.1
Project("{FAE04EC0-301F-11D3-BF4B-00C04F79EFBC}") = "PracticeExm", "PracticeExm\PracticeExm.csproj", "{072C972D-8929-4208-96FF-DA50613C535B}"
EndProject
Global
	GlobalSection(SolutionConfigurationPlatforms) = preSolution
		Debug|Any CPU = Debug|Any CPU
		Release|Any CPU = Release|Any CPU
	EndGlobalSection
	GlobalSection(ProjectConfigurationPlatforms) = postSolution
		{072C972D-8929-4208-96FF-DA50613C535B}.Debug|Any CPU.ActiveCfg = Debug|Any CPU
		{072C972D-8929-4208-96FF-DA50613C535B}.Debug|Any CPU.Build.0 = Debug|Any CPU
		{072C972D-8929-4208-96FF-DA50613C535B}.Release|Any CPU.ActiveCfg = Release|Any CPU
		{072C972D-8929-4208-96FF-DA50613C535B}.Release|Any CPU.Build.0 = Release|Any CPU
	EndGlobalSection
	GlobalSection(SolutionProperties) = preSolution
		HideSolutionNode = FALSE
	EndGlobalSection
	GlobalSection(ExtensibilityGlobals) = postSolution
		SolutionGuid = {F315DE80-C135-425B-AD07-51BCFF1A998F}
	EndGlobalSection
EndGlobal
